{
  "name": "miniprogram",
  "version": "1.0.0",
  "lockfileVersion": 1,
  "requires": true,
  "dependencies": {
    "@tencent/aegis-core": {
      "version": "1.11.1",
      "resolved": "http://r.tnpm.oa.com/@tencent/aegis-core/download/@tencent/aegis-core-1.11.1.tgz",
      "integrity": "sha1-FN62Ig/2QDJ0fuJnolV9gERYC6Q="
    },
    "@tencent/aegis-mp-sdk": {
      "version": "1.11.2",
      "resolved": "http://r.tnpm.oa.com/@tencent/aegis-mp-sdk/download/@tencent/aegis-mp-sdk-1.11.2.tgz",
      "integrity": "sha1-mLOM7mWVh0A5VGCCzlSF5j8R/Vs=",
      "requires": {
        "@tencent/aegis-core": "^1.11.1",
        "@tencent/aegis-plugins": "^1.11.1"
      }
    },
    "@tencent/aegis-plugins": {
      "version": "1.11.1",
      "resolved": "http://r.tnpm.oa.com/@tencent/aegis-plugins/download/@tencent/aegis-plugins-1.11.1.tgz",
      "integrity": "sha1-l1VyqBHoKaYUwguoQlKFEEspFsA=",
      "requires": {
        "@tencent/aegis-core": "^1.11.1"
      }
    },
    "tim-wx-sdk": {
      "version": "2.5.2",
      "resolved": "https://registry.npmjs.org/tim-wx-sdk/-/tim-wx-sdk-2.5.2.tgz",
      "integrity": "sha512-oRDwuzASiuvTKvK6gpBY5fEnZsNaNpdAncoSc99w9HWDDnYhp8OWzrBb6QOyHkjA8q6RJkFuIFvqtSUR7dUPMw=="
    }
  }
}
