{
  "name": "miniprogram",
  "version": "1.0.0",
  "lockfileVersion": 1,
  "requires": true,
  "dependencies": {
    "tim-wx-sdk": {
      "version": "2.6.2",
      "resolved": "https://registry.npmjs.org/tim-wx-sdk/-/tim-wx-sdk-2.6.2.tgz",
      "integrity": "sha512-6Ubmywieb19mREMURaiTdps6LowfO5e9q6FU0IZHOvnLA8bvGAHjoyCmTmcMSuWxnqYyPiY9tsNpLeqEMgTONA=="
    }
  }
}
