{
  "name": "miniprogram",
  "version": "1.0.0",
  "lockfileVersion": 1,
  "requires": true,
  "dependencies": {
    "tim-wx-sdk": {
      "version": "2.6.3",
      "resolved": "https://registry.npmjs.org/tim-wx-sdk/-/tim-wx-sdk-2.6.3.tgz",
      "integrity": "sha512-VwTv0x7fidjpyLDO+ZuIWcQ49uw/xFFhNkQcNN854Y5Lg/+c6HlQxi/vErh0M9A7eHc7zuDr3Or2PF14V5PA2w=="
    }
  }
}
